
Microsoft Visual Studio Solution File, Format Version 12.00
# Visual Studio Version 16
VisualStudioVersion = 16.0.31321.278
MinimumVisualStudioVersion = 10.0.40219.1
Project("{FAE04EC0-301F-11D3-BF4B-00C04F79EFBC}") = "N1N2ComandoRepeticao", "N1N2ComandoRepeticao\N1N2ComandoRepeticao.csproj", "{986396E8-B400-414B-BF1F-C98FD7D45C36}"
EndProject
Global
	GlobalSection(SolutionConfigurationPlatforms) = preSolution
		Debug|Any CPU = Debug|Any CPU
		Release|Any CPU = Release|Any CPU
	EndGlobalSection
	GlobalSection(ProjectConfigurationPlatforms) = postSolution
		{986396E8-B400-414B-BF1F-C98FD7D45C36}.Debug|Any CPU.ActiveCfg = Debug|Any CPU
		{986396E8-B400-414B-BF1F-C98FD7D45C36}.Debug|Any CPU.Build.0 = Debug|Any CPU
		{986396E8-B400-414B-BF1F-C98FD7D45C36}.Release|Any CPU.ActiveCfg = Release|Any CPU
		{986396E8-B400-414B-BF1F-C98FD7D45C36}.Release|Any CPU.Build.0 = Release|Any CPU
	EndGlobalSection
	GlobalSection(SolutionProperties) = preSolution
		HideSolutionNode = FALSE
	EndGlobalSection
	GlobalSection(ExtensibilityGlobals) = postSolution
		SolutionGuid = {FD8A8DE9-D2AC-4073-9BE0-D5DBBB0A9A98}
	EndGlobalSection
EndGlobal
